// !$*UTF8*$!
{
	archiveVersion = 1;
	classes = {
	};
	objectVersion = 48;
	objects = {

/* Begin PBXBuildFile section */
		8203579B202801CA008BA7F3 /* DeviceCell.m in Sources */ = {isa = PBXBuildFile; fileRef = 8203579A202801CA008BA7F3 /* DeviceCell.m */; };
		8203579E20282CFD008BA7F3 /* BLEDetailVC.m in Sources */ = {isa = PBXBuildFile; fileRef = 8203579D20282CFD008BA7F3 /* BLEDetailVC.m */; };
		828CC3FD20AEBF3300ACB516 /* BLE4_2speed.BIN in Resources */ = {isa = PBXBuildFile; fileRef = 828CC3FC20AEBF3200ACB516 /* BLE4_2speed.BIN */; };
		82A7D4691FF4D2A000597500 /* AppDelegate.m in Sources */ = {isa = PBXBuildFile; fileRef = 82A7D4681FF4D2A000597500 /* AppDelegate.m */; };
		82A7D46C1FF4D2A000597500 /* ViewController.m in Sources */ = {isa = PBXBuildFile; fileRef = 82A7D46B1FF4D2A000597500 /* ViewController.m */; };
		82A7D46F1FF4D2A000597500 /* Main.storyboard in Resources */ = {isa = PBXBuildFile; fileRef = 82A7D46D1FF4D2A000597500 /* Main.storyboard */; };
		82A7D4711FF4D2A000597500 /* Assets.xcassets in Resources */ = {isa = PBXBuildFile; fileRef = 82A7D4701FF4D2A000597500 /* Assets.xcassets */; };
		82A7D4741FF4D2A000597500 /* LaunchScreen.storyboard in Resources */ = {isa = PBXBuildFile; fileRef = 82A7D4721FF4D2A000597500 /* LaunchScreen.storyboard */; };
		82A7D4771FF4D2A000597500 /* main.m in Sources */ = {isa = PBXBuildFile; fileRef = 82A7D4761FF4D2A000597500 /* main.m */; };
		82A7D4811FF4D2A000597500 /* WMBluetoothDemoTests.m in Sources */ = {isa = PBXBuildFile; fileRef = 82A7D4801FF4D2A000597500 /* WMBluetoothDemoTests.m */; };
		82A7D48C1FF4D2A000597500 /* WMBluetoothDemoUITests.m in Sources */ = {isa = PBXBuildFile; fileRef = 82A7D48B1FF4D2A000597500 /* WMBluetoothDemoUITests.m */; };
		82A7D49B1FF4D2E300597500 /* XDBLECentralManager.m in Sources */ = {isa = PBXBuildFile; fileRef = 82A7D49A1FF4D2E300597500 /* XDBLECentralManager.m */; };
		82A7D49F1FF4E34B00597500 /* XDBLEPeripheral.m in Sources */ = {isa = PBXBuildFile; fileRef = 82A7D49E1FF4E34B00597500 /* XDBLEPeripheral.m */; };
		82A7D4A21FF61B8600597500 /* XDBLETool.m in Sources */ = {isa = PBXBuildFile; fileRef = 82A7D4A11FF61B8600597500 /* XDBLETool.m */; };
/* End PBXBuildFile section */

/* Begin PBXContainerItemProxy section */
		82A7D47D1FF4D2A000597500 /* PBXContainerItemProxy */ = {
			isa = PBXContainerItemProxy;
			containerPortal = 82A7D45C1FF4D29F00597500 /* Project object */;
			proxyType = 1;
			remoteGlobalIDString = 82A7D4631FF4D2A000597500;
			remoteInfo = WMBluetoothDemo;
		};
		82A7D4881FF4D2A000597500 /* PBXContainerItemProxy */ = {
			isa = PBXContainerItemProxy;
			containerPortal = 82A7D45C1FF4D29F00597500 /* Project object */;
			proxyType = 1;
			remoteGlobalIDString = 82A7D4631FF4D2A000597500;
			remoteInfo = WMBluetoothDemo;
		};
/* End PBXContainerItemProxy section */

/* Begin PBXFileReference section */
		82035799202801CA008BA7F3 /* DeviceCell.h */ = {isa = PBXFileReference; lastKnownFileType = sourcecode.c.h; path = DeviceCell.h; sourceTree = "<group>"; };
		8203579A202801CA008BA7F3 /* DeviceCell.m */ = {isa = PBXFileReference; lastKnownFileType = sourcecode.c.objc; path = DeviceCell.m; sourceTree = "<group>"; };
		8203579C20282CFD008BA7F3 /* BLEDetailVC.h */ = {isa = PBXFileReference; lastKnownFileType = sourcecode.c.h; path = BLEDetailVC.h; sourceTree = "<group>"; };
		8203579D20282CFD008BA7F3 /* BLEDetailVC.m */ = {isa = PBXFileReference; lastKnownFileType = sourcecode.c.objc; path = BLEDetailVC.m; sourceTree = "<group>"; };
		828CC3FC20AEBF3200ACB516 /* BLE4_2speed.BIN */ = {isa = PBXFileReference; lastKnownFileType = archive.macbinary; path = BLE4_2speed.BIN; sourceTree = "<group>"; };
		82A7D4641FF4D2A000597500 /* WMBluetoothDemo.app */ = {isa = PBXFileReference; explicitFileType = wrapper.application; includeInIndex = 0; path = WMBluetoothDemo.app; sourceTree = BUILT_PRODUCTS_DIR; };
		82A7D4671FF4D2A000597500 /* AppDelegate.h */ = {isa = PBXFileReference; lastKnownFileType = sourcecode.c.h; path = AppDelegate.h; sourceTree = "<group>"; };
		82A7D4681FF4D2A000597500 /* AppDelegate.m */ = {isa = PBXFileReference; lastKnownFileType = sourcecode.c.objc; path = AppDelegate.m; sourceTree = "<group>"; };
		82A7D46A1FF4D2A000597500 /* ViewController.h */ = {isa = PBXFileReference; lastKnownFileType = sourcecode.c.h; path = ViewController.h; sourceTree = "<group>"; };
		82A7D46B1FF4D2A000597500 /* ViewController.m */ = {isa = PBXFileReference; lastKnownFileType = sourcecode.c.objc; path = ViewController.m; sourceTree = "<group>"; };
		82A7D46E1FF4D2A000597500 /* Base */ = {isa = PBXFileReference; lastKnownFileType = file.storyboard; name = Base; path = Base.lproj/Main.storyboard; sourceTree = "<group>"; };
		82A7D4701FF4D2A000597500 /* Assets.xcassets */ = {isa = PBXFileReference; lastKnownFileType = folder.assetcatalog; path = Assets.xcassets; sourceTree = "<group>"; };
		82A7D4731FF4D2A000597500 /* Base */ = {isa = PBXFileReference; lastKnownFileType = file.storyboard; name = Base; path = Base.lproj/LaunchScreen.storyboard; sourceTree = "<group>"; };
		82A7D4751FF4D2A000597500 /* Info.plist */ = {isa = PBXFileReference; lastKnownFileType = text.plist.xml; path = Info.plist; sourceTree = "<group>"; };
		82A7D4761FF4D2A000597500 /* main.m */ = {isa = PBXFileReference; lastKnownFileType = sourcecode.c.objc; path = main.m; sourceTree = "<group>"; };
		82A7D47C1FF4D2A000597500 /* WMBluetoothDemoTests.xctest */ = {isa = PBXFileReference; explicitFileType = wrapper.cfbundle; includeInIndex = 0; path = WMBluetoothDemoTests.xctest; sourceTree = BUILT_PRODUCTS_DIR; };
		82A7D4801FF4D2A000597500 /* WMBluetoothDemoTests.m */ = {isa = PBXFileReference; lastKnownFileType = sourcecode.c.objc; path = WMBluetoothDemoTests.m; sourceTree = "<group>"; };
		82A7D4821FF4D2A000597500 /* Info.plist */ = {isa = PBXFileReference; lastKnownFileType = text.plist.xml; path = Info.plist; sourceTree = "<group>"; };
		82A7D4871FF4D2A000597500 /* WMBluetoothDemoUITests.xctest */ = {isa = PBXFileReference; explicitFileType = wrapper.cfbundle; includeInIndex = 0; path = WMBluetoothDemoUITests.xctest; sourceTree = BUILT_PRODUCTS_DIR; };
		82A7D48B1FF4D2A000597500 /* WMBluetoothDemoUITests.m */ = {isa = PBXFileReference; lastKnownFileType = sourcecode.c.objc; path = WMBluetoothDemoUITests.m; sourceTree = "<group>"; };
		82A7D48D1FF4D2A000597500 /* Info.plist */ = {isa = PBXFileReference; lastKnownFileType = text.plist.xml; path = Info.plist; sourceTree = "<group>"; };
		82A7D4991FF4D2E300597500 /* XDBLECentralManager.h */ = {isa = PBXFileReference; lastKnownFileType = sourcecode.c.h; path = XDBLECentralManager.h; sourceTree = "<group>"; };
		82A7D49A1FF4D2E300597500 /* XDBLECentralManager.m */ = {isa = PBXFileReference; lastKnownFileType = sourcecode.c.objc; path = XDBLECentralManager.m; sourceTree = "<group>"; };
		82A7D49C1FF4D58300597500 /* XDBLEDefine.h */ = {isa = PBXFileReference; lastKnownFileType = sourcecode.c.h; path = XDBLEDefine.h; sourceTree = "<group>"; };
		82A7D49D1FF4E34B00597500 /* XDBLEPeripheral.h */ = {isa = PBXFileReference; lastKnownFileType = sourcecode.c.h; path = XDBLEPeripheral.h; sourceTree = "<group>"; };
		82A7D49E1FF4E34B00597500 /* XDBLEPeripheral.m */ = {isa = PBXFileReference; lastKnownFileType = sourcecode.c.objc; path = XDBLEPeripheral.m; sourceTree = "<group>"; };
		82A7D4A01FF61B8600597500 /* XDBLETool.h */ = {isa = PBXFileReference; lastKnownFileType = sourcecode.c.h; path = XDBLETool.h; sourceTree = "<group>"; };
		82A7D4A11FF61B8600597500 /* XDBLETool.m */ = {isa = PBXFileReference; lastKnownFileType = sourcecode.c.objc; path = XDBLETool.m; sourceTree = "<group>"; };
/* End PBXFileReference section */

/* Begin PBXFrameworksBuildPhase section */
		82A7D4611FF4D2A000597500 /* Frameworks */ = {
			isa = PBXFrameworksBuildPhase;
			buildActionMask = 2147483647;
			files = (
			);
			runOnlyForDeploymentPostprocessing = 0;
		};
		82A7D4791FF4D2A000597500 /* Frameworks */ = {
			isa = PBXFrameworksBuildPhase;
			buildActionMask = 2147483647;
			files = (
			);
			runOnlyForDeploymentPostprocessing = 0;
		};
		82A7D4841FF4D2A000597500 /* Frameworks */ = {
			isa = PBXFrameworksBuildPhase;
			buildActionMask = 2147483647;
			files = (
			);
			runOnlyForDeploymentPostprocessing = 0;
		};
/* End PBXFrameworksBuildPhase section */

/* Begin PBXGroup section */
		82A7D45B1FF4D29F00597500 = {
			isa = PBXGroup;
			children = (
				82A7D4661FF4D2A000597500 /* WMBluetoothDemo */,
				82A7D47F1FF4D2A000597500 /* WMBluetoothDemoTests */,
				82A7D48A1FF4D2A000597500 /* WMBluetoothDemoUITests */,
				82A7D4651FF4D2A000597500 /* Products */,
			);
			sourceTree = "<group>";
		};
		82A7D4651FF4D2A000597500 /* Products */ = {
			isa = PBXGroup;
			children = (
				82A7D4641FF4D2A000597500 /* WMBluetoothDemo.app */,
				82A7D47C1FF4D2A000597500 /* WMBluetoothDemoTests.xctest */,
				82A7D4871FF4D2A000597500 /* WMBluetoothDemoUITests.xctest */,
			);
			name = Products;
			sourceTree = "<group>";
		};
		82A7D4661FF4D2A000597500 /* WMBluetoothDemo */ = {
			isa = PBXGroup;
			children = (
				828CC3FC20AEBF3200ACB516 /* BLE4_2speed.BIN */,
				82A7D4671FF4D2A000597500 /* AppDelegate.h */,
				82A7D4681FF4D2A000597500 /* AppDelegate.m */,
				82A7D46A1FF4D2A000597500 /* ViewController.h */,
				82A7D46B1FF4D2A000597500 /* ViewController.m */,
				8203579C20282CFD008BA7F3 /* BLEDetailVC.h */,
				8203579D20282CFD008BA7F3 /* BLEDetailVC.m */,
				82035799202801CA008BA7F3 /* DeviceCell.h */,
				8203579A202801CA008BA7F3 /* DeviceCell.m */,
				82A7D49C1FF4D58300597500 /* XDBLEDefine.h */,
				82A7D4A01FF61B8600597500 /* XDBLETool.h */,
				82A7D4A11FF61B8600597500 /* XDBLETool.m */,
				82A7D4991FF4D2E300597500 /* XDBLECentralManager.h */,
				82A7D49A1FF4D2E300597500 /* XDBLECentralManager.m */,
				82A7D49D1FF4E34B00597500 /* XDBLEPeripheral.h */,
				82A7D49E1FF4E34B00597500 /* XDBLEPeripheral.m */,
				82A7D46D1FF4D2A000597500 /* Main.storyboard */,
				82A7D4701FF4D2A000597500 /* Assets.xcassets */,
				82A7D4721FF4D2A000597500 /* LaunchScreen.storyboard */,
				82A7D4751FF4D2A000597500 /* Info.plist */,
				82A7D4761FF4D2A000597500 /* main.m */,
			);
			path = WMBluetoothDemo;
			sourceTree = "<group>";
		};
		82A7D47F1FF4D2A000597500 /* WMBluetoothDemoTests */ = {
			isa = PBXGroup;
			children = (
				82A7D4801FF4D2A000597500 /* WMBluetoothDemoTests.m */,
				82A7D4821FF4D2A000597500 /* Info.plist */,
			);
			path = WMBluetoothDemoTests;
			sourceTree = "<group>";
		};
		82A7D48A1FF4D2A000597500 /* WMBluetoothDemoUITests */ = {
			isa = PBXGroup;
			children = (
				82A7D48B1FF4D2A000597500 /* WMBluetoothDemoUITests.m */,
				82A7D48D1FF4D2A000597500 /* Info.plist */,
			);
			path = WMBluetoothDemoUITests;
			sourceTree = "<group>";
		};
/* End PBXGroup section */

/* Begin PBXNativeTarget section */
		82A7D4631FF4D2A000597500 /* WMBluetoothDemo */ = {
			isa = PBXNativeTarget;
			buildConfigurationList = 82A7D4901FF4D2A000597500 /* Build configuration list for PBXNativeTarget "WMBluetoothDemo" */;
			buildPhases = (
				82A7D4601FF4D2A000597500 /* Sources */,
				82A7D4611FF4D2A000597500 /* Frameworks */,
				82A7D4621FF4D2A000597500 /* Resources */,
			);
			buildRules = (
			);
			dependencies = (
			);
			name = WMBluetoothDemo;
			productName = WMBluetoothDemo;
			productReference = 82A7D4641FF4D2A000597500 /* WMBluetoothDemo.app */;
			productType = "com.apple.product-type.application";
		};
		82A7D47B1FF4D2A000597500 /* WMBluetoothDemoTests */ = {
			isa = PBXNativeTarget;
			buildConfigurationList = 82A7D4931FF4D2A000597500 /* Build configuration list for PBXNativeTarget "WMBluetoothDemoTests" */;
			buildPhases = (
				82A7D4781FF4D2A000597500 /* Sources */,
				82A7D4791FF4D2A000597500 /* Frameworks */,
				82A7D47A1FF4D2A000597500 /* Resources */,
			);
			buildRules = (
			);
			dependencies = (
				82A7D47E1FF4D2A000597500 /* PBXTargetDependency */,
			);
			name = WMBluetoothDemoTests;
			productName = WMBluetoothDemoTests;
			productReference = 82A7D47C1FF4D2A000597500 /* WMBluetoothDemoTests.xctest */;
			productType = "com.apple.product-type.bundle.unit-test";
		};
		82A7D4861FF4D2A000597500 /* WMBluetoothDemoUITests */ = {
			isa = PBXNativeTarget;
			buildConfigurationList = 82A7D4961FF4D2A000597500 /* Build configuration list for PBXNativeTarget "WMBluetoothDemoUITests" */;
			buildPhases = (
				82A7D4831FF4D2A000597500 /* Sources */,
				82A7D4841FF4D2A000597500 /* Frameworks */,
				82A7D4851FF4D2A000597500 /* Resources */,
			);
			buildRules = (
			);
			dependencies = (
				82A7D4891FF4D2A000597500 /* PBXTargetDependency */,
			);
			name = WMBluetoothDemoUITests;
			productName = WMBluetoothDemoUITests;
			productReference = 82A7D4871FF4D2A000597500 /* WMBluetoothDemoUITests.xctest */;
			productType = "com.apple.product-type.bundle.ui-testing";
		};
/* End PBXNativeTarget section */

/* Begin PBXProject section */
		82A7D45C1FF4D29F00597500 /* Project object */ = {
			isa = PBXProject;
			attributes = {
				LastUpgradeCheck = 0900;
				ORGANIZATIONNAME = WangMingDeveloper;
				TargetAttributes = {
					82A7D4631FF4D2A000597500 = {
						CreatedOnToolsVersion = 9.0.1;
						ProvisioningStyle = Automatic;
						SystemCapabilities = {
							com.apple.BackgroundModes = {
								enabled = 1;
							};
						};
					};
					82A7D47B1FF4D2A000597500 = {
						CreatedOnToolsVersion = 9.0.1;
						ProvisioningStyle = Automatic;
						TestTargetID = 82A7D4631FF4D2A000597500;
					};
					82A7D4861FF4D2A000597500 = {
						CreatedOnToolsVersion = 9.0.1;
						ProvisioningStyle = Automatic;
						TestTargetID = 82A7D4631FF4D2A000597500;
					};
				};
			};
			buildConfigurationList = 82A7D45F1FF4D29F00597500 /* Build configuration list for PBXProject "WMBluetoothDemo" */;
			compatibilityVersion = "Xcode 8.0";
			developmentRegion = en;
			hasScannedForEncodings = 0;
			knownRegions = (
				en,
				Base,
			);
			mainGroup = 82A7D45B1FF4D29F00597500;
			productRefGroup = 82A7D4651FF4D2A000597500 /* Products */;
			projectDirPath = "";
			projectRoot = "";
			targets = (
				82A7D4631FF4D2A000597500 /* WMBluetoothDemo */,
				82A7D47B1FF4D2A000597500 /* WMBluetoothDemoTests */,
				82A7D4861FF4D2A000597500 /* WMBluetoothDemoUITests */,
			);
		};
/* End PBXProject section */

/* Begin PBXResourcesBuildPhase section */
		82A7D4621FF4D2A000597500 /* Resources */ = {
			isa = PBXResourcesBuildPhase;
			buildActionMask = 2147483647;
			files = (
				82A7D4741FF4D2A000597500 /* LaunchScreen.storyboard in Resources */,
				82A7D4711FF4D2A000597500 /* Assets.xcassets in Resources */,
				82A7D46F1FF4D2A000597500 /* Main.storyboard in Resources */,
				828CC3FD20AEBF3300ACB516 /* BLE4_2speed.BIN in Resources */,
			);
			runOnlyForDeploymentPostprocessing = 0;
		};
		82A7D47A1FF4D2A000597500 /* Resources */ = {
			isa = PBXResourcesBuildPhase;
			buildActionMask = 2147483647;
			files = (
			);
			runOnlyForDeploymentPostprocessing = 0;
		};
		82A7D4851FF4D2A000597500 /* Resources */ = {
			isa = PBXResourcesBuildPhase;
			buildActionMask = 2147483647;
			files = (
			);
			runOnlyForDeploymentPostprocessing = 0;
		};
/* End PBXResourcesBuildPhase section */

/* Begin PBXSourcesBuildPhase section */
		82A7D4601FF4D2A000597500 /* Sources */ = {
			isa = PBXSourcesBuildPhase;
			buildActionMask = 2147483647;
			files = (
				82A7D46C1FF4D2A000597500 /* ViewController.m in Sources */,
				82A7D4771FF4D2A000597500 /* main.m in Sources */,
				8203579B202801CA008BA7F3 /* DeviceCell.m in Sources */,
				82A7D4691FF4D2A000597500 /* AppDelegate.m in Sources */,
				82A7D49B1FF4D2E300597500 /* XDBLECentralManager.m in Sources */,
				82A7D49F1FF4E34B00597500 /* XDBLEPeripheral.m in Sources */,
				82A7D4A21FF61B8600597500 /* XDBLETool.m in Sources */,
				8203579E20282CFD008BA7F3 /* BLEDetailVC.m in Sources */,
			);
			runOnlyForDeploymentPostprocessing = 0;
		};
		82A7D4781FF4D2A000597500 /* Sources */ = {
			isa = PBXSourcesBuildPhase;
			buildActionMask = 2147483647;
			files = (
				82A7D4811FF4D2A000597500 /* WMBluetoothDemoTests.m in Sources */,
			);
			runOnlyForDeploymentPostprocessing = 0;
		};
		82A7D4831FF4D2A000597500 /* Sources */ = {
			isa = PBXSourcesBuildPhase;
			buildActionMask = 2147483647;
			files = (
				82A7D48C1FF4D2A000597500 /* WMBluetoothDemoUITests.m in Sources */,
			);
			runOnlyForDeploymentPostprocessing = 0;
		};
/* End PBXSourcesBuildPhase section */

/* Begin PBXTargetDependency section */
		82A7D47E1FF4D2A000597500 /* PBXTargetDependency */ = {
			isa = PBXTargetDependency;
			target = 82A7D4631FF4D2A000597500 /* WMBluetoothDemo */;
			targetProxy = 82A7D47D1FF4D2A000597500 /* PBXContainerItemProxy */;
		};
		82A7D4891FF4D2A000597500 /* PBXTargetDependency */ = {
			isa = PBXTargetDependency;
			target = 82A7D4631FF4D2A000597500 /* WMBluetoothDemo */;
			targetProxy = 82A7D4881FF4D2A000597500 /* PBXContainerItemProxy */;
		};
/* End PBXTargetDependency section */

/* Begin PBXVariantGroup section */
		82A7D46D1FF4D2A000597500 /* Main.storyboard */ = {
			isa = PBXVariantGroup;
			children = (
				82A7D46E1FF4D2A000597500 /* Base */,
			);
			name = Main.storyboard;
			sourceTree = "<group>";
		};
		82A7D4721FF4D2A000597500 /* LaunchScreen.storyboard */ = {
			isa = PBXVariantGroup;
			children = (
				82A7D4731FF4D2A000597500 /* Base */,
			);
			name = LaunchScreen.storyboard;
			sourceTree = "<group>";
		};
/* End PBXVariantGroup section */

/* Begin XCBuildConfiguration section */
		82A7D48E1FF4D2A000597500 /* Debug */ = {
			isa = XCBuildConfiguration;
			buildSettings = {
				ALWAYS_SEARCH_USER_PATHS = NO;
				CLANG_ANALYZER_NONNULL = YES;
				CLANG_ANALYZER_NUMBER_OBJECT_CONVERSION = YES_AGGRESSIVE;
				CLANG_CXX_LANGUAGE_STANDARD = "gnu++14";
				CLANG_CXX_LIBRARY = "libc++";
				CLANG_ENABLE_MODULES = YES;
				CLANG_ENABLE_OBJC_ARC = YES;
				CLANG_WARN_BLOCK_CAPTURE_AUTORELEASING = YES;
				CLANG_WARN_BOOL_CONVERSION = YES;
				CLANG_WARN_COMMA = YES;
				CLANG_WARN_CONSTANT_CONVERSION = YES;
				CLANG_WARN_DIRECT_OBJC_ISA_USAGE = YES_ERROR;
				CLANG_WARN_DOCUMENTATION_COMMENTS = YES;
				CLANG_WARN_EMPTY_BODY = YES;
				CLANG_WARN_ENUM_CONVERSION = YES;
				CLANG_WARN_INFINITE_RECURSION = YES;
				CLANG_WARN_INT_CONVERSION = YES;
				CLANG_WARN_NON_LITERAL_NULL_CONVERSION = YES;
				CLANG_WARN_OBJC_LITERAL_CONVERSION = YES;
				CLANG_WARN_OBJC_ROOT_CLASS = YES_ERROR;
				CLANG_WARN_RANGE_LOOP_ANALYSIS = YES;
				CLANG_WARN_STRICT_PROTOTYPES = YES;
				CLANG_WARN_SUSPICIOUS_MOVE = YES;
				CLANG_WARN_UNGUARDED_AVAILABILITY = YES_AGGRESSIVE;
				CLANG_WARN_UNREACHABLE_CODE = YES;
				CLANG_WARN__DUPLICATE_METHOD_MATCH = YES;
				CODE_SIGN_IDENTITY = "iPhone Developer";
				COPY_PHASE_STRIP = NO;
				DEBUG_INFORMATION_FORMAT = dwarf;
				ENABLE_STRICT_OBJC_MSGSEND = YES;
				ENABLE_TESTABILITY = YES;
				GCC_C_LANGUAGE_STANDARD = gnu11;
				GCC_DYNAMIC_NO_PIC = NO;
				GCC_NO_COMMON_BLOCKS = YES;
				GCC_OPTIMIZATION_LEVEL = 0;
				GCC_PREPROCESSOR_DEFINITIONS = (
					"DEBUG=1",
					"$(inherited)",
				);
				GCC_WARN_64_TO_32_BIT_CONVERSION = YES;
				GCC_WARN_ABOUT_RETURN_TYPE = YES_ERROR;
				GCC_WARN_UNDECLARED_SELECTOR = YES;
				GCC_WARN_UNINITIALIZED_AUTOS = YES_AGGRESSIVE;
				GCC_WARN_UNUSED_FUNCTION = YES;
				GCC_WARN_UNUSED_VARIABLE = YES;
				IPHONEOS_DEPLOYMENT_TARGET = 11.0;
				MTL_ENABLE_DEBUG_INFO = YES;
				ONLY_ACTIVE_ARCH = YES;
				SDKROOT = iphoneos;
			};
			name = Debug;
		};
		82A7D48F1FF4D2A000597500 /* Release */ = {
			isa = XCBuildConfiguration;
			buildSettings = {
				ALWAYS_SEARCH_USER_PATHS = NO;
				CLANG_ANALYZER_NONNULL = YES;
				CLANG_ANALYZER_NUMBER_OBJECT_CONVERSION = YES_AGGRESSIVE;
				CLANG_CXX_LANGUAGE_STANDARD = "gnu++14";
				CLANG_CXX_LIBRARY = "libc++";
				CLANG_ENABLE_MODULES = YES;
				CLANG_ENABLE_OBJC_ARC = YES;
				CLANG_WARN_BLOCK_CAPTURE_AUTORELEASING = YES;
				CLANG_WARN_BOOL_CONVERSION = YES;
				CLANG_WARN_COMMA = YES;
				CLANG_WARN_CONSTANT_CONVERSION = YES;
				CLANG_WARN_DIRECT_OBJC_ISA_USAGE = YES_ERROR;
				CLANG_WARN_DOCUMENTATION_COMMENTS = YES;
				CLANG_WARN_EMPTY_BODY = YES;
				CLANG_WARN_ENUM_CONVERSION = YES;
				CLANG_WARN_INFINITE_RECURSION = YES;
				CLANG_WARN_INT_CONVERSION = YES;
				CLANG_WARN_NON_LITERAL_NULL_CONVERSION = YES;
				CLANG_WARN_OBJC_LITERAL_CONVERSION = YES;
				CLANG_WARN_OBJC_ROOT_CLASS = YES_ERROR;
				CLANG_WARN_RANGE_LOOP_ANALYSIS = YES;
				CLANG_WARN_STRICT_PROTOTYPES = YES;
				CLANG_WARN_SUSPICIOUS_MOVE = YES;
				CLANG_WARN_UNGUARDED_AVAILABILITY = YES_AGGRESSIVE;
				CLANG_WARN_UNREACHABLE_CODE = YES;
				CLANG_WARN__DUPLICATE_METHOD_MATCH = YES;
				CODE_SIGN_IDENTITY = "iPhone Developer";
				COPY_PHASE_STRIP = NO;
				DEBUG_INFORMATION_FORMAT = "dwarf-with-dsym";
				ENABLE_NS_ASSERTIONS = NO;
				ENABLE_STRICT_OBJC_MSGSEND = YES;
				GCC_C_LANGUAGE_STANDARD = gnu11;
				GCC_NO_COMMON_BLOCKS = YES;
				GCC_WARN_64_TO_32_BIT_CONVERSION = YES;
				GCC_WARN_ABOUT_RETURN_TYPE = YES_ERROR;
				GCC_WARN_UNDECLARED_SELECTOR = YES;
				GCC_WARN_UNINITIALIZED_AUTOS = YES_AGGRESSIVE;
				GCC_WARN_UNUSED_FUNCTION = YES;
				GCC_WARN_UNUSED_VARIABLE = YES;
				IPHONEOS_DEPLOYMENT_TARGET = 11.0;
				MTL_ENABLE_DEBUG_INFO = NO;
				SDKROOT = iphoneos;
				VALIDATE_PRODUCT = YES;
			};
			name = Release;
		};
		82A7D4911FF4D2A000597500 /* Debug */ = {
			isa = XCBuildConfiguration;
			buildSettings = {
				ASSETCATALOG_COMPILER_APPICON_NAME = AppIcon;
				CODE_SIGN_STYLE = Automatic;
				DEVELOPMENT_TEAM = TKVWCL3VFY;
				INFOPLIST_FILE = WMBluetoothDemo/Info.plist;
				IPHONEOS_DEPLOYMENT_TARGET = 9.0;
				LD_RUNPATH_SEARCH_PATHS = "$(inherited) @executable_path/Frameworks";
				PRODUCT_BUNDLE_IDENTIFIER = com.heaton.bluelight.WMBluetoothDemo;
				PRODUCT_NAME = "$(TARGET_NAME)";
				TARGETED_DEVICE_FAMILY = "1,2";
			};
			name = Debug;
		};
		82A7D4921FF4D2A000597500 /* Release */ = {
			isa = XCBuildConfiguration;
			buildSettings = {
				ASSETCATALOG_COMPILER_APPICON_NAME = AppIcon;
				CODE_SIGN_STYLE = Automatic;
				DEVELOPMENT_TEAM = TKVWCL3VFY;
				INFOPLIST_FILE = WMBluetoothDemo/Info.plist;
				IPHONEOS_DEPLOYMENT_TARGET = 9.0;
				LD_RUNPATH_SEARCH_PATHS = "$(inherited) @executable_path/Frameworks";
				PRODUCT_BUNDLE_IDENTIFIER = com.heaton.bluelight.WMBluetoothDemo;
				PRODUCT_NAME = "$(TARGET_NAME)";
				TARGETED_DEVICE_FAMILY = "1,2";
			};
			name = Release;
		};
		82A7D4941FF4D2A000597500 /* Debug */ = {
			isa = XCBuildConfiguration;
			buildSettings = {
				BUNDLE_LOADER = "$(TEST_HOST)";
				CODE_SIGN_STYLE = Automatic;
				DEVELOPMENT_TEAM = TKVWCL3VFY;
				INFOPLIST_FILE = WMBluetoothDemoTests/Info.plist;
				LD_RUNPATH_SEARCH_PATHS = "$(inherited) @executable_path/Frameworks @loader_path/Frameworks";
				PRODUCT_BUNDLE_IDENTIFIER = com.heaton.bluelight.WMBluetoothDemoTests;
				PRODUCT_NAME = "$(TARGET_NAME)";
				TARGETED_DEVICE_FAMILY = "1,2";
				TEST_HOST = "$(BUILT_PRODUCTS_DIR)/WMBluetoothDemo.app/WMBluetoothDemo";
			};
			name = Debug;
		};
		82A7D4951FF4D2A000597500 /* Release */ = {
			isa = XCBuildConfiguration;
			buildSettings = {
				BUNDLE_LOADER = "$(TEST_HOST)";
				CODE_SIGN_STYLE = Automatic;
				DEVELOPMENT_TEAM = TKVWCL3VFY;
				INFOPLIST_FILE = WMBluetoothDemoTests/Info.plist;
				LD_RUNPATH_SEARCH_PATHS = "$(inherited) @executable_path/Frameworks @loader_path/Frameworks";
				PRODUCT_BUNDLE_IDENTIFIER = com.heaton.bluelight.WMBluetoothDemoTests;
				PRODUCT_NAME = "$(TARGET_NAME)";
				TARGETED_DEVICE_FAMILY = "1,2";
				TEST_HOST = "$(BUILT_PRODUCTS_DIR)/WMBluetoothDemo.app/WMBluetoothDemo";
			};
			name = Release;
		};
		82A7D4971FF4D2A000597500 /* Debug */ = {
			isa = XCBuildConfiguration;
			buildSettings = {
				CODE_SIGN_STYLE = Automatic;
				DEVELOPMENT_TEAM = TKVWCL3VFY;
				INFOPLIST_FILE = WMBluetoothDemoUITests/Info.plist;
				LD_RUNPATH_SEARCH_PATHS = "$(inherited) @executable_path/Frameworks @loader_path/Frameworks";
				PRODUCT_BUNDLE_IDENTIFIER = com.heaton.bluelight.WMBluetoothDemoUITests;
				PRODUCT_NAME = "$(TARGET_NAME)";
				TARGETED_DEVICE_FAMILY = "1,2";
				TEST_TARGET_NAME = WMBluetoothDemo;
			};
			name = Debug;
		};
		82A7D4981FF4D2A000597500 /* Release */ = {
			isa = XCBuildConfiguration;
			buildSettings = {
				CODE_SIGN_STYLE = Automatic;
				DEVELOPMENT_TEAM = TKVWCL3VFY;
				INFOPLIST_FILE = WMBluetoothDemoUITests/Info.plist;
				LD_RUNPATH_SEARCH_PATHS = "$(inherited) @executable_path/Frameworks @loader_path/Frameworks";
				PRODUCT_BUNDLE_IDENTIFIER = com.heaton.bluelight.WMBluetoothDemoUITests;
				PRODUCT_NAME = "$(TARGET_NAME)";
				TARGETED_DEVICE_FAMILY = "1,2";
				TEST_TARGET_NAME = WMBluetoothDemo;
			};
			name = Release;
		};
/* End XCBuildConfiguration section */

/* Begin XCConfigurationList section */
		82A7D45F1FF4D29F00597500 /* Build configuration list for PBXProject "WMBluetoothDemo" */ = {
			isa = XCConfigurationList;
			buildConfigurations = (
				82A7D48E1FF4D2A000597500 /* Debug */,
				82A7D48F1FF4D2A000597500 /* Release */,
			);
			defaultConfigurationIsVisible = 0;
			defaultConfigurationName = Release;
		};
		82A7D4901FF4D2A000597500 /* Build configuration list for PBXNativeTarget "WMBluetoothDemo" */ = {
			isa = XCConfigurationList;
			buildConfigurations = (
				82A7D4911FF4D2A000597500 /* Debug */,
				82A7D4921FF4D2A000597500 /* Release */,
			);
			defaultConfigurationIsVisible = 0;
			defaultConfigurationName = Release;
		};
		82A7D4931FF4D2A000597500 /* Build configuration list for PBXNativeTarget "WMBluetoothDemoTests" */ = {
			isa = XCConfigurationList;
			buildConfigurations = (
				82A7D4941FF4D2A000597500 /* Debug */,
				82A7D4951FF4D2A000597500 /* Release */,
			);
			defaultConfigurationIsVisible = 0;
			defaultConfigurationName = Release;
		};
		82A7D4961FF4D2A000597500 /* Build configuration list for PBXNativeTarget "WMBluetoothDemoUITests" */ = {
			isa = XCConfigurationList;
			buildConfigurations = (
				82A7D4971FF4D2A000597500 /* Debug */,
				82A7D4981FF4D2A000597500 /* Release */,
			);
			defaultConfigurationIsVisible = 0;
			defaultConfigurationName = Release;
		};
/* End XCConfigurationList section */
	};
	rootObject = 82A7D45C1FF4D29F00597500 /* Project object */;
}
